
Microsoft Visual Studio Solution File, Format Version 12.00
# Visual Studio Version 16
VisualStudioVersion = 16.0.30523.141
MinimumVisualStudioVersion = 10.0.40219.1
Project("{9A19103F-16F7-4668-BE54-9A1E7A4F7556}") = "ASPCoreWebAPIServer", "ASPCoreWebAPIServer\ASPCoreWebAPIServer.csproj", "{293729B2-660C-4E77-9EF0-0E8636F1BD52}"
EndProject
Project("{FAE04EC0-301F-11D3-BF4B-00C04F79EFBC}") = "MyHttpClient", "MyHttpClient\MyHttpClient.csproj", "{31407911-5E77-4D2E-A156-455969156655}"
EndProject
Global
	GlobalSection(SolutionConfigurationPlatforms) = preSolution
		Debug|Any CPU = Debug|Any CPU
		Release|Any CPU = Release|Any CPU
	EndGlobalSection
	GlobalSection(ProjectConfigurationPlatforms) = postSolution
		{293729B2-660C-4E77-9EF0-0E8636F1BD52}.Debug|Any CPU.ActiveCfg = Debug|Any CPU
		{293729B2-660C-4E77-9EF0-0E8636F1BD52}.Debug|Any CPU.Build.0 = Debug|Any CPU
		{293729B2-660C-4E77-9EF0-0E8636F1BD52}.Release|Any CPU.ActiveCfg = Release|Any CPU
		{293729B2-660C-4E77-9EF0-0E8636F1BD52}.Release|Any CPU.Build.0 = Release|Any CPU
		{31407911-5E77-4D2E-A156-455969156655}.Debug|Any CPU.ActiveCfg = Debug|Any CPU
		{31407911-5E77-4D2E-A156-455969156655}.Debug|Any CPU.Build.0 = Debug|Any CPU
		{31407911-5E77-4D2E-A156-455969156655}.Release|Any CPU.ActiveCfg = Release|Any CPU
		{31407911-5E77-4D2E-A156-455969156655}.Release|Any CPU.Build.0 = Release|Any CPU
	EndGlobalSection
	GlobalSection(SolutionProperties) = preSolution
		HideSolutionNode = FALSE
	EndGlobalSection
	GlobalSection(ExtensibilityGlobals) = postSolution
		SolutionGuid = {DF0714C0-AD52-436B-A6D5-579D0495D19A}
	EndGlobalSection
EndGlobal
